// !$*UTF8*$!
{
	archiveVersion = 1;
	classes = {
	};
	objectVersion = 77;
	objects = {

/* Begin PBXBuildFile section */
		4A1B74466B5F49285F17D5E8 /* VennBoard.swift in Sources */ = {isa = PBXBuildFile; fileRef = 22043FD2BD931B09FBA8EFC2 /* VennBoard.swift */; };
		552065BA5714DE0D3E151F37 /* Puzzles.json in Resources */ = {isa = PBXBuildFile; fileRef = 0611BCD98D1E7459BC22D870 /* Puzzles.json */; };
		627FB36D2DF9520FB8F54687 /* LandscapeTests.swift in Sources */ = {isa = PBXBuildFile; fileRef = BF8C21CF934CBBD6295CD3C8 /* LandscapeTests.swift */; };
		644EEF8B8630B87D1FB5182D /* Puzzles.swift in Sources */ = {isa = PBXBuildFile; fileRef = 78DBD3B7440FD264C8088BC1 /* Puzzles.swift */; };
		664119FFF93CA5A1E14DDD98 /* GameView.swift in Sources */ = {isa = PBXBuildFile; fileRef = 566477DADBD4BD9BA5F7D7DE /* GameView.swift */; };
		99F067DF4E6E1F502C9E1A84 /* Game.swift in Sources */ = {isa = PBXBuildFile; fileRef = 7A3C953F71985ED032F435E1 /* Game.swift */; };
		A1FC08AFEFAA31E2248CD364 /* Components.swift in Sources */ = {isa = PBXBuildFile; fileRef = 777BBF45576D758B451802F8 /* Components.swift */; };
		F2D56188E3EA4E17136DDB7C /* Assets.xcassets in Resources */ = {isa = PBXBuildFile; fileRef = 4504A02B16E39E9C2BB9556C /* Assets.xcassets */; };
		F9FBB7EF74CC7B2523CE85D6 /* HomeView.swift in Sources */ = {isa = PBXBuildFile; fileRef = 4C4C5D59EC757C6CD5353348 /* HomeView.swift */; };
/* End PBXBuildFile section */

/* Begin PBXContainerItemProxy section */
		FE231120E66CBE61905A8422 /* PBXContainerItemProxy */ = {
			isa = PBXContainerItemProxy;
			containerPortal = 66EA416549FFFC555ABFD400 /* Project object */;
			proxyType = 1;
			remoteGlobalIDString = 8E95B97913FF8DE5E7F200D7;
			remoteInfo = Overlap;
		};
/* End PBXContainerItemProxy section */

/* Begin PBXFileReference section */
		0611BCD98D1E7459BC22D870 /* Puzzles.json */ = {isa = PBXFileReference; lastKnownFileType = text.json; path = Puzzles.json; sourceTree = "<group>"; };
		22043FD2BD931B09FBA8EFC2 /* VennBoard.swift */ = {isa = PBXFileReference; lastKnownFileType = sourcecode.swift; path = VennBoard.swift; sourceTree = "<group>"; };
		2A54D7195DD46D8F4AA46504 /* OverlapUITests.xctest */ = {isa = PBXFileReference; includeInIndex = 0; lastKnownFileType = wrapper.cfbundle; path = OverlapUITests.xctest; sourceTree = BUILT_PRODUCTS_DIR; };
		4504A02B16E39E9C2BB9556C /* Assets.xcassets */ = {isa = PBXFileReference; lastKnownFileType = folder.assetcatalog; path = Assets.xcassets; sourceTree = "<group>"; };
		4C4C5D59EC757C6CD5353348 /* HomeView.swift */ = {isa = PBXFileReference; lastKnownFileType = sourcecode.swift; path = HomeView.swift; sourceTree = "<group>"; };
		566477DADBD4BD9BA5F7D7DE /* GameView.swift */ = {isa = PBXFileReference; lastKnownFileType = sourcecode.swift; path = GameView.swift; sourceTree = "<group>"; };
		777BBF45576D758B451802F8 /* Components.swift */ = {isa = PBXFileReference; lastKnownFileType = sourcecode.swift; path = Components.swift; sourceTree = "<group>"; };
		78DBD3B7440FD264C8088BC1 /* Puzzles.swift */ = {isa = PBXFileReference; lastKnownFileType = sourcecode.swift; path = Puzzles.swift; sourceTree = "<group>"; };
		7A3C953F71985ED032F435E1 /* Game.swift */ = {isa = PBXFileReference; lastKnownFileType = sourcecode.swift; path = Game.swift; sourceTree = "<group>"; };
		BF8C21CF934CBBD6295CD3C8 /* LandscapeTests.swift */ = {isa = PBXFileReference; lastKnownFileType = sourcecode.swift; path = LandscapeTests.swift; sourceTree = "<group>"; };
		D1F45A6D0FEF48E8E8466FD6 /* Overlap.app */ = {isa = PBXFileReference; includeInIndex = 0; lastKnownFileType = wrapper.application; path = Overlap.app; sourceTree = BUILT_PRODUCTS_DIR; };
/* End PBXFileReference section */

/* Begin PBXGroup section */
		056AA80EF23DF3AE3F31CFE5 /* Products */ = {
			isa = PBXGroup;
			children = (
				D1F45A6D0FEF48E8E8466FD6 /* Overlap.app */,
				2A54D7195DD46D8F4AA46504 /* OverlapUITests.xctest */,
			);
			name = Products;
			sourceTree = "<group>";
		};
		2B637B9B1BA565B8619A7011 = {
			isa = PBXGroup;
			children = (
				DD1905ED2741E9AE4E669D0B /* Overlap */,
				6842BCC1E1E9E4CDB06A683E /* OverlapUITests */,
				056AA80EF23DF3AE3F31CFE5 /* Products */,
			);
			sourceTree = "<group>";
		};
		6842BCC1E1E9E4CDB06A683E /* OverlapUITests */ = {
			isa = PBXGroup;
			children = (
				BF8C21CF934CBBD6295CD3C8 /* LandscapeTests.swift */,
			);
			path = OverlapUITests;
			sourceTree = "<group>";
		};
		DD1905ED2741E9AE4E669D0B /* Overlap */ = {
			isa = PBXGroup;
			children = (
				4504A02B16E39E9C2BB9556C /* Assets.xcassets */,
				777BBF45576D758B451802F8 /* Components.swift */,
				7A3C953F71985ED032F435E1 /* Game.swift */,
				566477DADBD4BD9BA5F7D7DE /* GameView.swift */,
				4C4C5D59EC757C6CD5353348 /* HomeView.swift */,
				0611BCD98D1E7459BC22D870 /* Puzzles.json */,
				78DBD3B7440FD264C8088BC1 /* Puzzles.swift */,
				22043FD2BD931B09FBA8EFC2 /* VennBoard.swift */,
			);
			path = Overlap;
			sourceTree = "<group>";
		};
/* End PBXGroup section */

/* Begin PBXNativeTarget section */
		8E95B97913FF8DE5E7F200D7 /* Overlap */ = {
			isa = PBXNativeTarget;
			buildConfigurationList = 941E7B49CC7F6BD67214FC06 /* Build configuration list for PBXNativeTarget "Overlap" */;
			buildPhases = (
				E809EC63F24E2FB098795958 /* Sources */,
				7E16E70C4747B8E75EB31836 /* Resources */,
			);
			buildRules = (
			);
			dependencies = (
			);
			name = Overlap;
			packageProductDependencies = (
			);
			productName = Overlap;
			productReference = D1F45A6D0FEF48E8E8466FD6 /* Overlap.app */;
			productType = "com.apple.product-type.application";
		};
		F766F6C9B22F50C0B7074974 /* OverlapUITests */ = {
			isa = PBXNativeTarget;
			buildConfigurationList = BFC73987809D3BFA52E59047 /* Build configuration list for PBXNativeTarget "OverlapUITests" */;
			buildPhases = (
				337E9DEC687A9DBD34A54FC0 /* Sources */,
			);
			buildRules = (
			);
			dependencies = (
				ABA609C32EF226C3D62336B7 /* PBXTargetDependency */,
			);
			name = OverlapUITests;
			packageProductDependencies = (
			);
			productName = OverlapUITests;
			productReference = 2A54D7195DD46D8F4AA46504 /* OverlapUITests.xctest */;
			productType = "com.apple.product-type.bundle.ui-testing";
		};
/* End PBXNativeTarget section */

/* Begin PBXProject section */
		66EA416549FFFC555ABFD400 /* Project object */ = {
			isa = PBXProject;
			attributes = {
				BuildIndependentTargetsInParallel = YES;
				LastUpgradeCheck = 1430;
				TargetAttributes = {
					8E95B97913FF8DE5E7F200D7 = {
						DevelopmentTeam = S6QW7SV228;
						ProvisioningStyle = Automatic;
					};
					F766F6C9B22F50C0B7074974 = {
						DevelopmentTeam = S6QW7SV228;
						TestTargetID = 8E95B97913FF8DE5E7F200D7;
					};
				};
			};
			buildConfigurationList = 007179EA86BC86183C875795 /* Build configuration list for PBXProject "Overlap" */;
			developmentRegion = en;
			hasScannedForEncodings = 0;
			knownRegions = (
				Base,
				en,
			);
			mainGroup = 2B637B9B1BA565B8619A7011;
			minimizedProjectReferenceProxies = 1;
			preferredProjectObjectVersion = 77;
			productRefGroup = 056AA80EF23DF3AE3F31CFE5 /* Products */;
			projectDirPath = "";
			projectRoot = "";
			targets = (
				8E95B97913FF8DE5E7F200D7 /* Overlap */,
				F766F6C9B22F50C0B7074974 /* OverlapUITests */,
			);
		};
/* End PBXProject section */

/* Begin PBXResourcesBuildPhase section */
		7E16E70C4747B8E75EB31836 /* Resources */ = {
			isa = PBXResourcesBuildPhase;
			buildActionMask = 2147483647;
			files = (
				F2D56188E3EA4E17136DDB7C /* Assets.xcassets in Resources */,
				552065BA5714DE0D3E151F37 /* Puzzles.json in Resources */,
			);
			runOnlyForDeploymentPostprocessing = 0;
		};
/* End PBXResourcesBuildPhase section */

/* Begin PBXSourcesBuildPhase section */
		337E9DEC687A9DBD34A54FC0 /* Sources */ = {
			isa = PBXSourcesBuildPhase;
			buildActionMask = 2147483647;
			files = (
				627FB36D2DF9520FB8F54687 /* LandscapeTests.swift in Sources */,
			);
			runOnlyForDeploymentPostprocessing = 0;
		};
		E809EC63F24E2FB098795958 /* Sources */ = {
			isa = PBXSourcesBuildPhase;
			buildActionMask = 2147483647;
			files = (
				A1FC08AFEFAA31E2248CD364 /* Components.swift in Sources */,
				99F067DF4E6E1F502C9E1A84 /* Game.swift in Sources */,
				664119FFF93CA5A1E14DDD98 /* GameView.swift in Sources */,
				F9FBB7EF74CC7B2523CE85D6 /* HomeView.swift in Sources */,
				644EEF8B8630B87D1FB5182D /* Puzzles.swift in Sources */,
				4A1B74466B5F49285F17D5E8 /* VennBoard.swift in Sources */,
			);
			runOnlyForDeploymentPostprocessing = 0;
		};
/* End PBXSourcesBuildPhase section */

/* Begin PBXTargetDependency section */
		ABA609C32EF226C3D62336B7 /* PBXTargetDependency */ = {
			isa = PBXTargetDependency;
			target = 8E95B97913FF8DE5E7F200D7 /* Overlap */;
			targetProxy = FE231120E66CBE61905A8422 /* PBXContainerItemProxy */;
		};
/* End PBXTargetDependency section */

/* Begin XCBuildConfiguration section */
		35842FAAC3E0DBA74B5D9B99 /* Release */ = {
			isa = XCBuildConfiguration;
			buildSettings = {
				ALWAYS_SEARCH_USER_PATHS = NO;
				CLANG_ANALYZER_NONNULL = YES;
				CLANG_ANALYZER_NUMBER_OBJECT_CONVERSION = YES_AGGRESSIVE;
				CLANG_CXX_LANGUAGE_STANDARD = "gnu++14";
				CLANG_CXX_LIBRARY = "libc++";
				CLANG_ENABLE_MODULES = YES;
				CLANG_ENABLE_OBJC_ARC = YES;
				CLANG_ENABLE_OBJC_WEAK = YES;
				CLANG_WARN_BLOCK_CAPTURE_AUTORELEASING = YES;
				CLANG_WARN_BOOL_CONVERSION = YES;
				CLANG_WARN_COMMA = YES;
				CLANG_WARN_CONSTANT_CONVERSION = YES;
				CLANG_WARN_DEPRECATED_OBJC_IMPLEMENTATIONS = YES;
				CLANG_WARN_DIRECT_OBJC_ISA_USAGE = YES_ERROR;
				CLANG_WARN_DOCUMENTATION_COMMENTS = YES;
				CLANG_WARN_EMPTY_BODY = YES;
				CLANG_WARN_ENUM_CONVERSION = YES;
				CLANG_WARN_INFINITE_RECURSION = YES;
				CLANG_WARN_INT_CONVERSION = YES;
				CLANG_WARN_NON_LITERAL_NULL_CONVERSION = YES;
				CLANG_WARN_OBJC_IMPLICIT_RETAIN_SELF = YES;
				CLANG_WARN_OBJC_LITERAL_CONVERSION = YES;
				CLANG_WARN_OBJC_ROOT_CLASS = YES_ERROR;
				CLANG_WARN_QUOTED_INCLUDE_IN_FRAMEWORK_HEADER = YES;
				CLANG_WARN_RANGE_LOOP_ANALYSIS = YES;
				CLANG_WARN_STRICT_PROTOTYPES = YES;
				CLANG_WARN_SUSPICIOUS_MOVE = YES;
				CLANG_WARN_UNGUARDED_AVAILABILITY = YES_AGGRESSIVE;
				CLANG_WARN_UNREACHABLE_CODE = YES;
				CLANG_WARN__DUPLICATE_METHOD_MATCH = YES;
				COPY_PHASE_STRIP = NO;
				DEBUG_INFORMATION_FORMAT = "dwarf-with-dsym";
				ENABLE_NS_ASSERTIONS = NO;
				ENABLE_STRICT_OBJC_MSGSEND = YES;
				GCC_C_LANGUAGE_STANDARD = gnu11;
				GCC_NO_COMMON_BLOCKS = YES;
				GCC_WARN_64_TO_32_BIT_CONVERSION = YES;
				GCC_WARN_ABOUT_RETURN_TYPE = YES_ERROR;
				GCC_WARN_UNDECLARED_SELECTOR = YES;
				GCC_WARN_UNINITIALIZED_AUTOS = YES_AGGRESSIVE;
				GCC_WARN_UNUSED_FUNCTION = YES;
				GCC_WARN_UNUSED_VARIABLE = YES;
				IPHONEOS_DEPLOYMENT_TARGET = 17.0;
				MTL_ENABLE_DEBUG_INFO = NO;
				MTL_FAST_MATH = YES;
				PRODUCT_NAME = "$(TARGET_NAME)";
				SDKROOT = iphoneos;
				SWIFT_COMPILATION_MODE = wholemodule;
				SWIFT_OPTIMIZATION_LEVEL = "-O";
				SWIFT_VERSION = 5.0;
			};
			name = Release;
		};
		7272FF743CFA5EC579DFABB0 /* Debug */ = {
			isa = XCBuildConfiguration;
			buildSettings = {
				ASSETCATALOG_COMPILER_APPICON_NAME = AppIcon;
				ASSETCATALOG_COMPILER_GLOBAL_ACCENT_COLOR_NAME = AccentColor;
				CODE_SIGN_IDENTITY = "iPhone Developer";
				CODE_SIGN_STYLE = Automatic;
				CURRENT_PROJECT_VERSION = 1;
				DEVELOPMENT_TEAM = S6QW7SV228;
				GENERATE_INFOPLIST_FILE = YES;
				INFOPLIST_KEY_CFBundleDisplayName = Overlap;
				INFOPLIST_KEY_ITSAppUsesNonExemptEncryption = NO;
				INFOPLIST_KEY_LSApplicationCategoryType = "public.app-category.word-games";
				INFOPLIST_KEY_UILaunchScreen_Generation = YES;
				INFOPLIST_KEY_UISupportedInterfaceOrientations_iPad = "UIInterfaceOrientationPortrait UIInterfaceOrientationPortraitUpsideDown UIInterfaceOrientationLandscapeLeft UIInterfaceOrientationLandscapeRight";
				INFOPLIST_KEY_UISupportedInterfaceOrientations_iPhone = UIInterfaceOrientationPortrait;
				LD_RUNPATH_SEARCH_PATHS = (
					"$(inherited)",
					"@executable_path/Frameworks",
				);
				MARKETING_VERSION = 1.0;
				PRODUCT_BUNDLE_IDENTIFIER = co.nsgsolutions.overlap;
				SDKROOT = iphoneos;
				SWIFT_VERSION = 5.0;
				TARGETED_DEVICE_FAMILY = "1,2";
			};
			name = Debug;
		};
		7D146FF51F188F840180A7A1 /* Release */ = {
			isa = XCBuildConfiguration;
			buildSettings = {
				BUNDLE_LOADER = "$(TEST_HOST)";
				DEVELOPMENT_TEAM = S6QW7SV228;
				GENERATE_INFOPLIST_FILE = YES;
				LD_RUNPATH_SEARCH_PATHS = (
					"$(inherited)",
					"@executable_path/Frameworks",
					"@loader_path/Frameworks",
				);
				PRODUCT_BUNDLE_IDENTIFIER = co.nsgsolutions.overlap.uitests;
				SDKROOT = iphoneos;
				SWIFT_VERSION = 5.0;
				TARGETED_DEVICE_FAMILY = "1,2";
				TEST_TARGET_NAME = Overlap;
			};
			name = Release;
		};
		802E2FDD71324AFA8D61156C /* Debug */ = {
			isa = XCBuildConfiguration;
			buildSettings = {
				BUNDLE_LOADER = "$(TEST_HOST)";
				DEVELOPMENT_TEAM = S6QW7SV228;
				GENERATE_INFOPLIST_FILE = YES;
				LD_RUNPATH_SEARCH_PATHS = (
					"$(inherited)",
					"@executable_path/Frameworks",
					"@loader_path/Frameworks",
				);
				PRODUCT_BUNDLE_IDENTIFIER = co.nsgsolutions.overlap.uitests;
				SDKROOT = iphoneos;
				SWIFT_VERSION = 5.0;
				TARGETED_DEVICE_FAMILY = "1,2";
				TEST_TARGET_NAME = Overlap;
			};
			name = Debug;
		};
		88F92FEE9AE948F86B6338A3 /* Release */ = {
			isa = XCBuildConfiguration;
			buildSettings = {
				ASSETCATALOG_COMPILER_APPICON_NAME = AppIcon;
				ASSETCATALOG_COMPILER_GLOBAL_ACCENT_COLOR_NAME = AccentColor;
				CODE_SIGN_IDENTITY = "iPhone Developer";
				CODE_SIGN_STYLE = Automatic;
				CURRENT_PROJECT_VERSION = 1;
				DEVELOPMENT_TEAM = S6QW7SV228;
				GENERATE_INFOPLIST_FILE = YES;
				INFOPLIST_KEY_CFBundleDisplayName = Overlap;
				INFOPLIST_KEY_ITSAppUsesNonExemptEncryption = NO;
				INFOPLIST_KEY_LSApplicationCategoryType = "public.app-category.word-games";
				INFOPLIST_KEY_UILaunchScreen_Generation = YES;
				INFOPLIST_KEY_UISupportedInterfaceOrientations_iPad = "UIInterfaceOrientationPortrait UIInterfaceOrientationPortraitUpsideDown UIInterfaceOrientationLandscapeLeft UIInterfaceOrientationLandscapeRight";
				INFOPLIST_KEY_UISupportedInterfaceOrientations_iPhone = UIInterfaceOrientationPortrait;
				LD_RUNPATH_SEARCH_PATHS = (
					"$(inherited)",
					"@executable_path/Frameworks",
				);
				MARKETING_VERSION = 1.0;
				PRODUCT_BUNDLE_IDENTIFIER = co.nsgsolutions.overlap;
				SDKROOT = iphoneos;
				SWIFT_VERSION = 5.0;
				TARGETED_DEVICE_FAMILY = "1,2";
			};
			name = Release;
		};
		FD3058CE9DB28A8FD2575CC4 /* Debug */ = {
			isa = XCBuildConfiguration;
			buildSettings = {
				ALWAYS_SEARCH_USER_PATHS = NO;
				CLANG_ANALYZER_NONNULL = YES;
				CLANG_ANALYZER_NUMBER_OBJECT_CONVERSION = YES_AGGRESSIVE;
				CLANG_CXX_LANGUAGE_STANDARD = "gnu++14";
				CLANG_CXX_LIBRARY = "libc++";
				CLANG_ENABLE_MODULES = YES;
				CLANG_ENABLE_OBJC_ARC = YES;
				CLANG_ENABLE_OBJC_WEAK = YES;
				CLANG_WARN_BLOCK_CAPTURE_AUTORELEASING = YES;
				CLANG_WARN_BOOL_CONVERSION = YES;
				CLANG_WARN_COMMA = YES;
				CLANG_WARN_CONSTANT_CONVERSION = YES;
				CLANG_WARN_DEPRECATED_OBJC_IMPLEMENTATIONS = YES;
				CLANG_WARN_DIRECT_OBJC_ISA_USAGE = YES_ERROR;
				CLANG_WARN_DOCUMENTATION_COMMENTS = YES;
				CLANG_WARN_EMPTY_BODY = YES;
				CLANG_WARN_ENUM_CONVERSION = YES;
				CLANG_WARN_INFINITE_RECURSION = YES;
				CLANG_WARN_INT_CONVERSION = YES;
				CLANG_WARN_NON_LITERAL_NULL_CONVERSION = YES;
				CLANG_WARN_OBJC_IMPLICIT_RETAIN_SELF = YES;
				CLANG_WARN_OBJC_LITERAL_CONVERSION = YES;
				CLANG_WARN_OBJC_ROOT_CLASS = YES_ERROR;
				CLANG_WARN_QUOTED_INCLUDE_IN_FRAMEWORK_HEADER = YES;
				CLANG_WARN_RANGE_LOOP_ANALYSIS = YES;
				CLANG_WARN_STRICT_PROTOTYPES = YES;
				CLANG_WARN_SUSPICIOUS_MOVE = YES;
				CLANG_WARN_UNGUARDED_AVAILABILITY = YES_AGGRESSIVE;
				CLANG_WARN_UNREACHABLE_CODE = YES;
				CLANG_WARN__DUPLICATE_METHOD_MATCH = YES;
				COPY_PHASE_STRIP = NO;
				DEBUG_INFORMATION_FORMAT = dwarf;
				ENABLE_STRICT_OBJC_MSGSEND = YES;
				ENABLE_TESTABILITY = YES;
				GCC_C_LANGUAGE_STANDARD = gnu11;
				GCC_DYNAMIC_NO_PIC = NO;
				GCC_NO_COMMON_BLOCKS = YES;
				GCC_OPTIMIZATION_LEVEL = 0;
				GCC_PREPROCESSOR_DEFINITIONS = (
					"$(inherited)",
					"DEBUG=1",
				);
				GCC_WARN_64_TO_32_BIT_CONVERSION = YES;
				GCC_WARN_ABOUT_RETURN_TYPE = YES_ERROR;
				GCC_WARN_UNDECLARED_SELECTOR = YES;
				GCC_WARN_UNINITIALIZED_AUTOS = YES_AGGRESSIVE;
				GCC_WARN_UNUSED_FUNCTION = YES;
				GCC_WARN_UNUSED_VARIABLE = YES;
				IPHONEOS_DEPLOYMENT_TARGET = 17.0;
				MTL_ENABLE_DEBUG_INFO = INCLUDE_SOURCE;
				MTL_FAST_MATH = YES;
				ONLY_ACTIVE_ARCH = YES;
				PRODUCT_NAME = "$(TARGET_NAME)";
				SDKROOT = iphoneos;
				SWIFT_ACTIVE_COMPILATION_CONDITIONS = DEBUG;
				SWIFT_OPTIMIZATION_LEVEL = "-Onone";
				SWIFT_VERSION = 5.0;
			};
			name = Debug;
		};
/* End XCBuildConfiguration section */

/* Begin XCConfigurationList section */
		007179EA86BC86183C875795 /* Build configuration list for PBXProject "Overlap" */ = {
			isa = XCConfigurationList;
			buildConfigurations = (
				FD3058CE9DB28A8FD2575CC4 /* Debug */,
				35842FAAC3E0DBA74B5D9B99 /* Release */,
			);
			defaultConfigurationIsVisible = 0;
			defaultConfigurationName = Debug;
		};
		941E7B49CC7F6BD67214FC06 /* Build configuration list for PBXNativeTarget "Overlap" */ = {
			isa = XCConfigurationList;
			buildConfigurations = (
				7272FF743CFA5EC579DFABB0 /* Debug */,
				88F92FEE9AE948F86B6338A3 /* Release */,
			);
			defaultConfigurationIsVisible = 0;
			defaultConfigurationName = Debug;
		};
		BFC73987809D3BFA52E59047 /* Build configuration list for PBXNativeTarget "OverlapUITests" */ = {
			isa = XCConfigurationList;
			buildConfigurations = (
				802E2FDD71324AFA8D61156C /* Debug */,
				7D146FF51F188F840180A7A1 /* Release */,
			);
			defaultConfigurationIsVisible = 0;
			defaultConfigurationName = Debug;
		};
/* End XCConfigurationList section */
	};
	rootObject = 66EA416549FFFC555ABFD400 /* Project object */;
}
